
Microsoft Visual Studio Solution File, Format Version 12.00
# Visual Studio Version 16
VisualStudioVersion = 16.0.29318.209
MinimumVisualStudioVersion = 10.0.40219.1
Project("{9A19103F-16F7-4668-BE54-9A1E7A4F7556}") = "CourseWebApi.Api", "CourseWebApi.Api\CourseWebApi.Api.csproj", "{B7A905C3-D1B9-4BA2-80B0-950F28431785}"
	ProjectSection(ProjectDependencies) = postProject
		{8FC9D574-AE54-4730-AB27-175FA5A775F9} = {8FC9D574-AE54-4730-AB27-175FA5A775F9}
		{6E0003CA-293D-45F9-B085-500E011AA1CC} = {6E0003CA-293D-45F9-B085-500E011AA1CC}
	EndProjectSection
EndProject
Project("{9A19103F-16F7-4668-BE54-9A1E7A4F7556}") = "CourseWebApi.Model", "CourseWebApi.Model\CourseWebApi.Model.csproj", "{6E0003CA-293D-45F9-B085-500E011AA1CC}"
EndProject
Project("{9A19103F-16F7-4668-BE54-9A1E7A4F7556}") = "CourseWebApi.Common", "CourseApi.Common\CourseWebApi.Common.csproj", "{8FC9D574-AE54-4730-AB27-175FA5A775F9}"
EndProject
Project("{FAE04EC0-301F-11D3-BF4B-00C04F79EFBC}") = "CourseWebApi.Logic", "CourseWebApi.Logic\CourseWebApi.Logic.csproj", "{69B345A9-9527-4F9E-B037-18AC6775818C}"
	ProjectSection(ProjectDependencies) = postProject
		{A299AC84-8E2A-45A1-A1D4-F1C4509ED595} = {A299AC84-8E2A-45A1-A1D4-F1C4509ED595}
	EndProjectSection
EndProject
Project("{FAE04EC0-301F-11D3-BF4B-00C04F79EFBC}") = "CourseWebApi.Persistence", "CourseWebApi.Persistence\CourseWebApi.Persistence.csproj", "{A299AC84-8E2A-45A1-A1D4-F1C4509ED595}"
EndProject
Global
	GlobalSection(SolutionConfigurationPlatforms) = preSolution
		Debug|Any CPU = Debug|Any CPU
		Release|Any CPU = Release|Any CPU
	EndGlobalSection
	GlobalSection(ProjectConfigurationPlatforms) = postSolution
		{B7A905C3-D1B9-4BA2-80B0-950F28431785}.Debug|Any CPU.ActiveCfg = Debug|Any CPU
		{B7A905C3-D1B9-4BA2-80B0-950F28431785}.Debug|Any CPU.Build.0 = Debug|Any CPU
		{B7A905C3-D1B9-4BA2-80B0-950F28431785}.Release|Any CPU.ActiveCfg = Release|Any CPU
		{B7A905C3-D1B9-4BA2-80B0-950F28431785}.Release|Any CPU.Build.0 = Release|Any CPU
		{6E0003CA-293D-45F9-B085-500E011AA1CC}.Debug|Any CPU.ActiveCfg = Debug|Any CPU
		{6E0003CA-293D-45F9-B085-500E011AA1CC}.Debug|Any CPU.Build.0 = Debug|Any CPU
		{6E0003CA-293D-45F9-B085-500E011AA1CC}.Release|Any CPU.ActiveCfg = Release|Any CPU
		{6E0003CA-293D-45F9-B085-500E011AA1CC}.Release|Any CPU.Build.0 = Release|Any CPU
		{8FC9D574-AE54-4730-AB27-175FA5A775F9}.Debug|Any CPU.ActiveCfg = Debug|Any CPU
		{8FC9D574-AE54-4730-AB27-175FA5A775F9}.Debug|Any CPU.Build.0 = Debug|Any CPU
		{8FC9D574-AE54-4730-AB27-175FA5A775F9}.Release|Any CPU.ActiveCfg = Release|Any CPU
		{8FC9D574-AE54-4730-AB27-175FA5A775F9}.Release|Any CPU.Build.0 = Release|Any CPU
		{69B345A9-9527-4F9E-B037-18AC6775818C}.Debug|Any CPU.ActiveCfg = Debug|Any CPU
		{69B345A9-9527-4F9E-B037-18AC6775818C}.Debug|Any CPU.Build.0 = Debug|Any CPU
		{69B345A9-9527-4F9E-B037-18AC6775818C}.Release|Any CPU.ActiveCfg = Release|Any CPU
		{69B345A9-9527-4F9E-B037-18AC6775818C}.Release|Any CPU.Build.0 = Release|Any CPU
		{A299AC84-8E2A-45A1-A1D4-F1C4509ED595}.Debug|Any CPU.ActiveCfg = Debug|Any CPU
		{A299AC84-8E2A-45A1-A1D4-F1C4509ED595}.Debug|Any CPU.Build.0 = Debug|Any CPU
		{A299AC84-8E2A-45A1-A1D4-F1C4509ED595}.Release|Any CPU.ActiveCfg = Release|Any CPU
		{A299AC84-8E2A-45A1-A1D4-F1C4509ED595}.Release|Any CPU.Build.0 = Release|Any CPU
	EndGlobalSection
	GlobalSection(SolutionProperties) = preSolution
		HideSolutionNode = FALSE
	EndGlobalSection
	GlobalSection(ExtensibilityGlobals) = postSolution
		SolutionGuid = {04F64BF5-7C06-4A46-AB34-539C30256302}
	EndGlobalSection
EndGlobal
